
Microsoft Visual Studio Solution File, Format Version 12.00
# Visual Studio 15
VisualStudioVersion = 15.0.27130.2027
MinimumVisualStudioVersion = 10.0.40219.1
Project("{FAE04EC0-301F-11D3-BF4B-00C04F79EFBC}") = "Calculator(61)", "Calculator(61)\Calculator(61).csproj", "{74C9CEE4-273E-4254-8987-E2965F73C543}"
EndProject
Project("{FAE04EC0-301F-11D3-BF4B-00C04F79EFBC}") = "CalculatorFunctionTest", "CalculatorFunctionTest\CalculatorFunctionTest.csproj", "{8DAF346D-8CFF-4D94-A79C-4722DFF97297}"
EndProject
Global
	GlobalSection(SolutionConfigurationPlatforms) = preSolution
		Debug|Any CPU = Debug|Any CPU
		Release|Any CPU = Release|Any CPU
	EndGlobalSection
	GlobalSection(ProjectConfigurationPlatforms) = postSolution
		{74C9CEE4-273E-4254-8987-E2965F73C543}.Debug|Any CPU.ActiveCfg = Debug|Any CPU
		{74C9CEE4-273E-4254-8987-E2965F73C543}.Debug|Any CPU.Build.0 = Debug|Any CPU
		{74C9CEE4-273E-4254-8987-E2965F73C543}.Release|Any CPU.ActiveCfg = Release|Any CPU
		{74C9CEE4-273E-4254-8987-E2965F73C543}.Release|Any CPU.Build.0 = Release|Any CPU
		{8DAF346D-8CFF-4D94-A79C-4722DFF97297}.Debug|Any CPU.ActiveCfg = Debug|Any CPU
		{8DAF346D-8CFF-4D94-A79C-4722DFF97297}.Debug|Any CPU.Build.0 = Debug|Any CPU
		{8DAF346D-8CFF-4D94-A79C-4722DFF97297}.Release|Any CPU.ActiveCfg = Release|Any CPU
		{8DAF346D-8CFF-4D94-A79C-4722DFF97297}.Release|Any CPU.Build.0 = Release|Any CPU
	EndGlobalSection
	GlobalSection(SolutionProperties) = preSolution
		HideSolutionNode = FALSE
	EndGlobalSection
	GlobalSection(ExtensibilityGlobals) = postSolution
		SolutionGuid = {600618C9-AAF2-4E24-86B4-1B5833036E9D}
	EndGlobalSection
EndGlobal
