
Microsoft Visual Studio Solution File, Format Version 12.00
# Visual Studio 15
VisualStudioVersion = 15.0.27130.2027
MinimumVisualStudioVersion = 10.0.40219.1
Project("{FAE04EC0-301F-11D3-BF4B-00C04F79EFBC}") = "Stack", "Stack\Stack.csproj", "{F464F873-628E-4E5D-B915-FFE141455939}"
EndProject
Global
	GlobalSection(SolutionConfigurationPlatforms) = preSolution
		Debug|Any CPU = Debug|Any CPU
		Release|Any CPU = Release|Any CPU
	EndGlobalSection
	GlobalSection(ProjectConfigurationPlatforms) = postSolution
		{F464F873-628E-4E5D-B915-FFE141455939}.Debug|Any CPU.ActiveCfg = Debug|Any CPU
		{F464F873-628E-4E5D-B915-FFE141455939}.Debug|Any CPU.Build.0 = Debug|Any CPU
		{F464F873-628E-4E5D-B915-FFE141455939}.Release|Any CPU.ActiveCfg = Release|Any CPU
		{F464F873-628E-4E5D-B915-FFE141455939}.Release|Any CPU.Build.0 = Release|Any CPU
	EndGlobalSection
	GlobalSection(SolutionProperties) = preSolution
		HideSolutionNode = FALSE
	EndGlobalSection
	GlobalSection(ExtensibilityGlobals) = postSolution
		SolutionGuid = {D15B4AA6-BDF5-4406-BDC2-006C7647986F}
	EndGlobalSection
EndGlobal
