
Microsoft Visual Studio Solution File, Format Version 12.00
# Visual Studio 15
VisualStudioVersion = 15.0.27130.2027
MinimumVisualStudioVersion = 10.0.40219.1
Project("{FAE04EC0-301F-11D3-BF4B-00C04F79EFBC}") = "Fibonacci", "Fibonacci\Fibonacci.csproj", "{9A220777-8F1F-4365-99FA-F8580778BFE3}"
EndProject
Global
	GlobalSection(SolutionConfigurationPlatforms) = preSolution
		Debug|Any CPU = Debug|Any CPU
		Release|Any CPU = Release|Any CPU
	EndGlobalSection
	GlobalSection(ProjectConfigurationPlatforms) = postSolution
		{9A220777-8F1F-4365-99FA-F8580778BFE3}.Debug|Any CPU.ActiveCfg = Debug|Any CPU
		{9A220777-8F1F-4365-99FA-F8580778BFE3}.Debug|Any CPU.Build.0 = Debug|Any CPU
		{9A220777-8F1F-4365-99FA-F8580778BFE3}.Release|Any CPU.ActiveCfg = Release|Any CPU
		{9A220777-8F1F-4365-99FA-F8580778BFE3}.Release|Any CPU.Build.0 = Release|Any CPU
	EndGlobalSection
	GlobalSection(SolutionProperties) = preSolution
		HideSolutionNode = FALSE
	EndGlobalSection
	GlobalSection(ExtensibilityGlobals) = postSolution
		SolutionGuid = {FFE08D61-9F0D-4800-9487-4DBF219B596B}
	EndGlobalSection
EndGlobal
