
Microsoft Visual Studio Solution File, Format Version 12.00
# Visual Studio 15
VisualStudioVersion = 15.0.27130.2027
MinimumVisualStudioVersion = 10.0.40219.1
Project("{FAE04EC0-301F-11D3-BF4B-00C04F79EFBC}") = "Sort", "Sort\Sort.csproj", "{A5257ACD-00EF-4B2D-AD7C-8695BA62F7C8}"
EndProject
Global
	GlobalSection(SolutionConfigurationPlatforms) = preSolution
		Debug|Any CPU = Debug|Any CPU
		Release|Any CPU = Release|Any CPU
	EndGlobalSection
	GlobalSection(ProjectConfigurationPlatforms) = postSolution
		{A5257ACD-00EF-4B2D-AD7C-8695BA62F7C8}.Debug|Any CPU.ActiveCfg = Debug|Any CPU
		{A5257ACD-00EF-4B2D-AD7C-8695BA62F7C8}.Debug|Any CPU.Build.0 = Debug|Any CPU
		{A5257ACD-00EF-4B2D-AD7C-8695BA62F7C8}.Release|Any CPU.ActiveCfg = Release|Any CPU
		{A5257ACD-00EF-4B2D-AD7C-8695BA62F7C8}.Release|Any CPU.Build.0 = Release|Any CPU
	EndGlobalSection
	GlobalSection(SolutionProperties) = preSolution
		HideSolutionNode = FALSE
	EndGlobalSection
	GlobalSection(ExtensibilityGlobals) = postSolution
		SolutionGuid = {CD13A6C5-0F71-48B6-AE64-5321AE63BFEB}
	EndGlobalSection
EndGlobal
